
Microsoft Visual Studio Solution File, Format Version 12.00
# Visual Studio 14
VisualStudioVersion = 14.0.24720.0
MinimumVisualStudioVersion = 10.0.40219.1
Project("{2150E333-8FDC-42A3-9474-1A3956D46DE8}") = "Engine", "Engine", "{F054B396-5F5F-4FCF-9B28-FCA8111754BE}"
EndProject
Project("{2150E333-8FDC-42A3-9474-1A3956D46DE8}") = "Games", "Games", "{A9AAF5D3-6B41-4FFE-BBC3-83F9CF2A1430}"
EndProject
Project("{8BC9CEB8-8B4A-11D0-8D11-00A0C91BC942}") = "UE4", "Intermediate\ProjectFiles\UE4.vcxproj", "{4273DC5E-D771-4057-9FFF-C5034102EBF7}"
EndProject
Project("{8BC9CEB8-8B4A-11D0-8D11-00A0C91BC942}") = "TreeEvolution", "Intermediate\ProjectFiles\TreeEvolution.vcxproj", "{E932A0EE-1A1A-4CA8-973A-441901FD6D70}"
EndProject
Global
	GlobalSection(SolutionConfigurationPlatforms) = preSolution
		DebugGame Editor|Win32 = DebugGame Editor|Win32
		DebugGame Editor|Win64 = DebugGame Editor|Win64
		DebugGame|Win32 = DebugGame|Win32
		DebugGame|Win64 = DebugGame|Win64
		Development Editor|Win32 = Development Editor|Win32
		Development Editor|Win64 = Development Editor|Win64
		Development|Win32 = Development|Win32
		Development|Win64 = Development|Win64
		Shipping|Win32 = Shipping|Win32
		Shipping|Win64 = Shipping|Win64
	EndGlobalSection
	GlobalSection(ProjectConfigurationPlatforms) = postSolution
		{4273DC5E-D771-4057-9FFF-C5034102EBF7}.DebugGame Editor|Win32.ActiveCfg = BuiltWithUnrealBuildTool|Win32
		{4273DC5E-D771-4057-9FFF-C5034102EBF7}.DebugGame Editor|Win32.Build.0 = BuiltWithUnrealBuildTool|Win32
		{4273DC5E-D771-4057-9FFF-C5034102EBF7}.DebugGame Editor|Win64.ActiveCfg = BuiltWithUnrealBuildTool|Win32
		{4273DC5E-D771-4057-9FFF-C5034102EBF7}.DebugGame Editor|Win64.Build.0 = BuiltWithUnrealBuildTool|Win32
		{4273DC5E-D771-4057-9FFF-C5034102EBF7}.DebugGame|Win32.ActiveCfg = BuiltWithUnrealBuildTool|Win32
		{4273DC5E-D771-4057-9FFF-C5034102EBF7}.DebugGame|Win32.Build.0 = BuiltWithUnrealBuildTool|Win32
		{4273DC5E-D771-4057-9FFF-C5034102EBF7}.DebugGame|Win64.ActiveCfg = BuiltWithUnrealBuildTool|Win32
		{4273DC5E-D771-4057-9FFF-C5034102EBF7}.DebugGame|Win64.Build.0 = BuiltWithUnrealBuildTool|Win32
		{4273DC5E-D771-4057-9FFF-C5034102EBF7}.Development Editor|Win32.ActiveCfg = BuiltWithUnrealBuildTool|Win32
		{4273DC5E-D771-4057-9FFF-C5034102EBF7}.Development Editor|Win32.Build.0 = BuiltWithUnrealBuildTool|Win32
		{4273DC5E-D771-4057-9FFF-C5034102EBF7}.Development Editor|Win64.ActiveCfg = BuiltWithUnrealBuildTool|Win32
		{4273DC5E-D771-4057-9FFF-C5034102EBF7}.Development Editor|Win64.Build.0 = BuiltWithUnrealBuildTool|Win32
		{4273DC5E-D771-4057-9FFF-C5034102EBF7}.Development|Win32.ActiveCfg = BuiltWithUnrealBuildTool|Win32
		{4273DC5E-D771-4057-9FFF-C5034102EBF7}.Development|Win32.Build.0 = BuiltWithUnrealBuildTool|Win32
		{4273DC5E-D771-4057-9FFF-C5034102EBF7}.Development|Win64.ActiveCfg = BuiltWithUnrealBuildTool|Win32
		{4273DC5E-D771-4057-9FFF-C5034102EBF7}.Development|Win64.Build.0 = BuiltWithUnrealBuildTool|Win32
		{4273DC5E-D771-4057-9FFF-C5034102EBF7}.Shipping|Win32.ActiveCfg = BuiltWithUnrealBuildTool|Win32
		{4273DC5E-D771-4057-9FFF-C5034102EBF7}.Shipping|Win32.Build.0 = BuiltWithUnrealBuildTool|Win32
		{4273DC5E-D771-4057-9FFF-C5034102EBF7}.Shipping|Win64.ActiveCfg = BuiltWithUnrealBuildTool|Win32
		{4273DC5E-D771-4057-9FFF-C5034102EBF7}.Shipping|Win64.Build.0 = BuiltWithUnrealBuildTool|Win32
		{E932A0EE-1A1A-4CA8-973A-441901FD6D70}.DebugGame Editor|Win32.ActiveCfg = DebugGame_Editor|Win32
		{E932A0EE-1A1A-4CA8-973A-441901FD6D70}.DebugGame Editor|Win32.Build.0 = DebugGame_Editor|Win32
		{E932A0EE-1A1A-4CA8-973A-441901FD6D70}.DebugGame Editor|Win64.ActiveCfg = DebugGame_Editor|x64
		{E932A0EE-1A1A-4CA8-973A-441901FD6D70}.DebugGame Editor|Win64.Build.0 = DebugGame_Editor|x64
		{E932A0EE-1A1A-4CA8-973A-441901FD6D70}.DebugGame|Win32.ActiveCfg = DebugGame_Game|Win32
		{E932A0EE-1A1A-4CA8-973A-441901FD6D70}.DebugGame|Win32.Build.0 = DebugGame_Game|Win32
		{E932A0EE-1A1A-4CA8-973A-441901FD6D70}.DebugGame|Win64.ActiveCfg = DebugGame_Game|x64
		{E932A0EE-1A1A-4CA8-973A-441901FD6D70}.DebugGame|Win64.Build.0 = DebugGame_Game|x64
		{E932A0EE-1A1A-4CA8-973A-441901FD6D70}.Development Editor|Win32.ActiveCfg = Development_Editor|Win32
		{E932A0EE-1A1A-4CA8-973A-441901FD6D70}.Development Editor|Win32.Build.0 = Development_Editor|Win32
		{E932A0EE-1A1A-4CA8-973A-441901FD6D70}.Development Editor|Win64.ActiveCfg = Development_Editor|x64
		{E932A0EE-1A1A-4CA8-973A-441901FD6D70}.Development Editor|Win64.Build.0 = Development_Editor|x64
		{E932A0EE-1A1A-4CA8-973A-441901FD6D70}.Development|Win32.ActiveCfg = Development_Game|Win32
		{E932A0EE-1A1A-4CA8-973A-441901FD6D70}.Development|Win32.Build.0 = Development_Game|Win32
		{E932A0EE-1A1A-4CA8-973A-441901FD6D70}.Development|Win64.ActiveCfg = Development_Game|x64
		{E932A0EE-1A1A-4CA8-973A-441901FD6D70}.Development|Win64.Build.0 = Development_Game|x64
		{E932A0EE-1A1A-4CA8-973A-441901FD6D70}.Shipping|Win32.ActiveCfg = Shipping_Game|Win32
		{E932A0EE-1A1A-4CA8-973A-441901FD6D70}.Shipping|Win32.Build.0 = Shipping_Game|Win32
		{E932A0EE-1A1A-4CA8-973A-441901FD6D70}.Shipping|Win64.ActiveCfg = Shipping_Game|x64
		{E932A0EE-1A1A-4CA8-973A-441901FD6D70}.Shipping|Win64.Build.0 = Shipping_Game|x64
	EndGlobalSection
	GlobalSection(SolutionProperties) = preSolution
		HideSolutionNode = FALSE
	EndGlobalSection
	GlobalSection(NestedProjects) = preSolution
		{4273DC5E-D771-4057-9FFF-C5034102EBF7} = {F054B396-5F5F-4FCF-9B28-FCA8111754BE}
		{E932A0EE-1A1A-4CA8-973A-441901FD6D70} = {A9AAF5D3-6B41-4FFE-BBC3-83F9CF2A1430}
	EndGlobalSection
EndGlobal
